// !$*UTF8*$!
{
	archiveVersion = 1;
	classes = {
	};
	objectVersion = 55;
	objects = {

/* Begin PBXBuildFile section */
		8F3CF6682894CD000029DDBF /* CachedFriend+CoreDataClass.swift in Sources */ = {isa = PBXBuildFile; fileRef = 8F3CF6662894CD000029DDBF /* CachedFriend+CoreDataClass.swift */; };
		8F3CF6692894CD000029DDBF /* CachedFriend+CoreDataProperties.swift in Sources */ = {isa = PBXBuildFile; fileRef = 8F3CF6672894CD000029DDBF /* CachedFriend+CoreDataProperties.swift */; };
		8F82B228288F932700EFA554 /* ChallengeDay60NetworkAppApp.swift in Sources */ = {isa = PBXBuildFile; fileRef = 8F82B227288F932700EFA554 /* ChallengeDay60NetworkAppApp.swift */; };
		8F82B22A288F932700EFA554 /* ContentView.swift in Sources */ = {isa = PBXBuildFile; fileRef = 8F82B229288F932700EFA554 /* ContentView.swift */; };
		8F82B22C288F932B00EFA554 /* Assets.xcassets in Resources */ = {isa = PBXBuildFile; fileRef = 8F82B22B288F932B00EFA554 /* Assets.xcassets */; };
		8F82B22F288F932B00EFA554 /* Preview Assets.xcassets in Resources */ = {isa = PBXBuildFile; fileRef = 8F82B22E288F932B00EFA554 /* Preview Assets.xcassets */; };
		8F82B236288F936B00EFA554 /* User.swift in Sources */ = {isa = PBXBuildFile; fileRef = 8F82B235288F936B00EFA554 /* User.swift */; };
		8F82B238288F940D00EFA554 /* Friend.swift in Sources */ = {isa = PBXBuildFile; fileRef = 8F82B237288F940D00EFA554 /* Friend.swift */; };
		8F82B23A288F99A300EFA554 /* DetailView.swift in Sources */ = {isa = PBXBuildFile; fileRef = 8F82B239288F99A300EFA554 /* DetailView.swift */; };
		8F82B23C288F9BF100EFA554 /* UserListView.swift in Sources */ = {isa = PBXBuildFile; fileRef = 8F82B23B288F9BF100EFA554 /* UserListView.swift */; };
		8FB9945C289214B6008EA98C /* People.xcdatamodeld in Sources */ = {isa = PBXBuildFile; fileRef = 8FB9945A289214B6008EA98C /* People.xcdatamodeld */; };
		8FB9945E289216A6008EA98C /* DataController.swift in Sources */ = {isa = PBXBuildFile; fileRef = 8FB9945D289216A6008EA98C /* DataController.swift */; };
		8FB994632892170D008EA98C /* CachedUser+CoreDataClass.swift in Sources */ = {isa = PBXBuildFile; fileRef = 8FB9945F2892170D008EA98C /* CachedUser+CoreDataClass.swift */; };
		8FB994642892170D008EA98C /* CachedUser+CoreDataProperties.swift in Sources */ = {isa = PBXBuildFile; fileRef = 8FB994602892170D008EA98C /* CachedUser+CoreDataProperties.swift */; };
/* End PBXBuildFile section */

/* Begin PBXFileReference section */
		8F3CF6662894CD000029DDBF /* CachedFriend+CoreDataClass.swift */ = {isa = PBXFileReference; lastKnownFileType = sourcecode.swift; path = "CachedFriend+CoreDataClass.swift"; sourceTree = "<group>"; };
		8F3CF6672894CD000029DDBF /* CachedFriend+CoreDataProperties.swift */ = {isa = PBXFileReference; lastKnownFileType = sourcecode.swift; path = "CachedFriend+CoreDataProperties.swift"; sourceTree = "<group>"; };
		8F82B224288F932700EFA554 /* ChallengeDay60NetworkApp.app */ = {isa = PBXFileReference; explicitFileType = wrapper.application; includeInIndex = 0; path = ChallengeDay60NetworkApp.app; sourceTree = BUILT_PRODUCTS_DIR; };
		8F82B227288F932700EFA554 /* ChallengeDay60NetworkAppApp.swift */ = {isa = PBXFileReference; lastKnownFileType = sourcecode.swift; path = ChallengeDay60NetworkAppApp.swift; sourceTree = "<group>"; };
		8F82B229288F932700EFA554 /* ContentView.swift */ = {isa = PBXFileReference; lastKnownFileType = sourcecode.swift; path = ContentView.swift; sourceTree = "<group>"; };
		8F82B22B288F932B00EFA554 /* Assets.xcassets */ = {isa = PBXFileReference; lastKnownFileType = folder.assetcatalog; path = Assets.xcassets; sourceTree = "<group>"; };
		8F82B22E288F932B00EFA554 /* Preview Assets.xcassets */ = {isa = PBXFileReference; lastKnownFileType = folder.assetcatalog; path = "Preview Assets.xcassets"; sourceTree = "<group>"; };
		8F82B235288F936B00EFA554 /* User.swift */ = {isa = PBXFileReference; lastKnownFileType = sourcecode.swift; path = User.swift; sourceTree = "<group>"; };
		8F82B237288F940D00EFA554 /* Friend.swift */ = {isa = PBXFileReference; lastKnownFileType = sourcecode.swift; path = Friend.swift; sourceTree = "<group>"; };
		8F82B239288F99A300EFA554 /* DetailView.swift */ = {isa = PBXFileReference; lastKnownFileType = sourcecode.swift; path = DetailView.swift; sourceTree = "<group>"; };
		8F82B23B288F9BF100EFA554 /* UserListView.swift */ = {isa = PBXFileReference; lastKnownFileType = sourcecode.swift; path = UserListView.swift; sourceTree = "<group>"; };
		8FB9945B289214B6008EA98C /* People.xcdatamodel */ = {isa = PBXFileReference; lastKnownFileType = wrapper.xcdatamodel; path = People.xcdatamodel; sourceTree = "<group>"; };
		8FB9945D289216A6008EA98C /* DataController.swift */ = {isa = PBXFileReference; fileEncoding = 4; lastKnownFileType = sourcecode.swift; name = DataController.swift; path = ../../FilterListChallenge/FilterListChallenge/DataController.swift; sourceTree = "<group>"; };
		8FB9945F2892170D008EA98C /* CachedUser+CoreDataClass.swift */ = {isa = PBXFileReference; lastKnownFileType = sourcecode.swift; path = "CachedUser+CoreDataClass.swift"; sourceTree = "<group>"; };
		8FB994602892170D008EA98C /* CachedUser+CoreDataProperties.swift */ = {isa = PBXFileReference; lastKnownFileType = sourcecode.swift; path = "CachedUser+CoreDataProperties.swift"; sourceTree = "<group>"; };
/* End PBXFileReference section */

/* Begin PBXFrameworksBuildPhase section */
		8F82B221288F932700EFA554 /* Frameworks */ = {
			isa = PBXFrameworksBuildPhase;
			buildActionMask = 2147483647;
			files = (
			);
			runOnlyForDeploymentPostprocessing = 0;
		};
/* End PBXFrameworksBuildPhase section */

/* Begin PBXGroup section */
		8F82B21B288F932700EFA554 = {
			isa = PBXGroup;
			children = (
				8F82B226288F932700EFA554 /* ChallengeDay60NetworkApp */,
				8F82B225288F932700EFA554 /* Products */,
			);
			sourceTree = "<group>";
		};
		8F82B225288F932700EFA554 /* Products */ = {
			isa = PBXGroup;
			children = (
				8F82B224288F932700EFA554 /* ChallengeDay60NetworkApp.app */,
			);
			name = Products;
			sourceTree = "<group>";
		};
		8F82B226288F932700EFA554 /* ChallengeDay60NetworkApp */ = {
			isa = PBXGroup;
			children = (
				8F3CF6662894CD000029DDBF /* CachedFriend+CoreDataClass.swift */,
				8F3CF6672894CD000029DDBF /* CachedFriend+CoreDataProperties.swift */,
				8FB9945F2892170D008EA98C /* CachedUser+CoreDataClass.swift */,
				8FB994602892170D008EA98C /* CachedUser+CoreDataProperties.swift */,
				8F82B227288F932700EFA554 /* ChallengeDay60NetworkAppApp.swift */,
				8F82B229288F932700EFA554 /* ContentView.swift */,
				8F82B23B288F9BF100EFA554 /* UserListView.swift */,
				8F82B239288F99A300EFA554 /* DetailView.swift */,
				8FB9945D289216A6008EA98C /* DataController.swift */,
				8F82B235288F936B00EFA554 /* User.swift */,
				8F82B237288F940D00EFA554 /* Friend.swift */,
				8FB9945A289214B6008EA98C /* People.xcdatamodeld */,
				8F82B22B288F932B00EFA554 /* Assets.xcassets */,
				8F82B22D288F932B00EFA554 /* Preview Content */,
			);
			path = ChallengeDay60NetworkApp;
			sourceTree = "<group>";
		};
		8F82B22D288F932B00EFA554 /* Preview Content */ = {
			isa = PBXGroup;
			children = (
				8F82B22E288F932B00EFA554 /* Preview Assets.xcassets */,
			);
			path = "Preview Content";
			sourceTree = "<group>";
		};
/* End PBXGroup section */

/* Begin PBXNativeTarget section */
		8F82B223288F932700EFA554 /* ChallengeDay60NetworkApp */ = {
			isa = PBXNativeTarget;
			buildConfigurationList = 8F82B232288F932B00EFA554 /* Build configuration list for PBXNativeTarget "ChallengeDay60NetworkApp" */;
			buildPhases = (
				8F82B220288F932700EFA554 /* Sources */,
				8F82B221288F932700EFA554 /* Frameworks */,
				8F82B222288F932700EFA554 /* Resources */,
			);
			buildRules = (
			);
			dependencies = (
			);
			name = ChallengeDay60NetworkApp;
			productName = ChallengeDay60NetworkApp;
			productReference = 8F82B224288F932700EFA554 /* ChallengeDay60NetworkApp.app */;
			productType = "com.apple.product-type.application";
		};
/* End PBXNativeTarget section */

/* Begin PBXProject section */
		8F82B21C288F932700EFA554 /* Project object */ = {
			isa = PBXProject;
			attributes = {
				BuildIndependentTargetsInParallel = 1;
				LastSwiftUpdateCheck = 1340;
				LastUpgradeCheck = 1340;
				TargetAttributes = {
					8F82B223288F932700EFA554 = {
						CreatedOnToolsVersion = 13.4.1;
					};
				};
			};
			buildConfigurationList = 8F82B21F288F932700EFA554 /* Build configuration list for PBXProject "ChallengeDay60NetworkApp" */;
			compatibilityVersion = "Xcode 13.0";
			developmentRegion = en;
			hasScannedForEncodings = 0;
			knownRegions = (
				en,
				Base,
			);
			mainGroup = 8F82B21B288F932700EFA554;
			productRefGroup = 8F82B225288F932700EFA554 /* Products */;
			projectDirPath = "";
			projectRoot = "";
			targets = (
				8F82B223288F932700EFA554 /* ChallengeDay60NetworkApp */,
			);
		};
/* End PBXProject section */

/* Begin PBXResourcesBuildPhase section */
		8F82B222288F932700EFA554 /* Resources */ = {
			isa = PBXResourcesBuildPhase;
			buildActionMask = 2147483647;
			files = (
				8F82B22F288F932B00EFA554 /* Preview Assets.xcassets in Resources */,
				8F82B22C288F932B00EFA554 /* Assets.xcassets in Resources */,
			);
			runOnlyForDeploymentPostprocessing = 0;
		};
/* End PBXResourcesBuildPhase section */

/* Begin PBXSourcesBuildPhase section */
		8F82B220288F932700EFA554 /* Sources */ = {
			isa = PBXSourcesBuildPhase;
			buildActionMask = 2147483647;
			files = (
				8F82B22A288F932700EFA554 /* ContentView.swift in Sources */,
				8FB9945C289214B6008EA98C /* People.xcdatamodeld in Sources */,
				8FB994642892170D008EA98C /* CachedUser+CoreDataProperties.swift in Sources */,
				8F82B228288F932700EFA554 /* ChallengeDay60NetworkAppApp.swift in Sources */,
				8F82B236288F936B00EFA554 /* User.swift in Sources */,
				8FB994632892170D008EA98C /* CachedUser+CoreDataClass.swift in Sources */,
				8F82B23A288F99A300EFA554 /* DetailView.swift in Sources */,
				8F3CF6692894CD000029DDBF /* CachedFriend+CoreDataProperties.swift in Sources */,
				8FB9945E289216A6008EA98C /* DataController.swift in Sources */,
				8F3CF6682894CD000029DDBF /* CachedFriend+CoreDataClass.swift in Sources */,
				8F82B23C288F9BF100EFA554 /* UserListView.swift in Sources */,
				8F82B238288F940D00EFA554 /* Friend.swift in Sources */,
			);
			runOnlyForDeploymentPostprocessing = 0;
		};
/* End PBXSourcesBuildPhase section */

/* Begin XCBuildConfiguration section */
		8F82B230288F932B00EFA554 /* Debug */ = {
			isa = XCBuildConfiguration;
			buildSettings = {
				ALWAYS_SEARCH_USER_PATHS = NO;
				CLANG_ANALYZER_NONNULL = YES;
				CLANG_ANALYZER_NUMBER_OBJECT_CONVERSION = YES_AGGRESSIVE;
				CLANG_CXX_LANGUAGE_STANDARD = "gnu++17";
				CLANG_ENABLE_MODULES = YES;
				CLANG_ENABLE_OBJC_ARC = YES;
				CLANG_ENABLE_OBJC_WEAK = YES;
				CLANG_WARN_BLOCK_CAPTURE_AUTORELEASING = YES;
				CLANG_WARN_BOOL_CONVERSION = YES;
				CLANG_WARN_COMMA = YES;
				CLANG_WARN_CONSTANT_CONVERSION = YES;
				CLANG_WARN_DEPRECATED_OBJC_IMPLEMENTATIONS = YES;
				CLANG_WARN_DIRECT_OBJC_ISA_USAGE = YES_ERROR;
				CLANG_WARN_DOCUMENTATION_COMMENTS = YES;
				CLANG_WARN_EMPTY_BODY = YES;
				CLANG_WARN_ENUM_CONVERSION = YES;
				CLANG_WARN_INFINITE_RECURSION = YES;
				CLANG_WARN_INT_CONVERSION = YES;
				CLANG_WARN_NON_LITERAL_NULL_CONVERSION = YES;
				CLANG_WARN_OBJC_IMPLICIT_RETAIN_SELF = YES;
				CLANG_WARN_OBJC_LITERAL_CONVERSION = YES;
				CLANG_WARN_OBJC_ROOT_CLASS = YES_ERROR;
				CLANG_WARN_QUOTED_INCLUDE_IN_FRAMEWORK_HEADER = YES;
				CLANG_WARN_RANGE_LOOP_ANALYSIS = YES;
				CLANG_WARN_STRICT_PROTOTYPES = YES;
				CLANG_WARN_SUSPICIOUS_MOVE = YES;
				CLANG_WARN_UNGUARDED_AVAILABILITY = YES_AGGRESSIVE;
				CLANG_WARN_UNREACHABLE_CODE = YES;
				CLANG_WARN__DUPLICATE_METHOD_MATCH = YES;
				COPY_PHASE_STRIP = NO;
				DEBUG_INFORMATION_FORMAT = dwarf;
				ENABLE_STRICT_OBJC_MSGSEND = YES;
				ENABLE_TESTABILITY = YES;
				GCC_C_LANGUAGE_STANDARD = gnu11;
				GCC_DYNAMIC_NO_PIC = NO;
				GCC_NO_COMMON_BLOCKS = YES;
				GCC_OPTIMIZATION_LEVEL = 0;
				GCC_PREPROCESSOR_DEFINITIONS = (
					"DEBUG=1",
					"$(inherited)",
				);
				GCC_WARN_64_TO_32_BIT_CONVERSION = YES;
				GCC_WARN_ABOUT_RETURN_TYPE = YES_ERROR;
				GCC_WARN_UNDECLARED_SELECTOR = YES;
				GCC_WARN_UNINITIALIZED_AUTOS = YES_AGGRESSIVE;
				GCC_WARN_UNUSED_FUNCTION = YES;
				GCC_WARN_UNUSED_VARIABLE = YES;
				IPHONEOS_DEPLOYMENT_TARGET = 15.5;
				MTL_ENABLE_DEBUG_INFO = INCLUDE_SOURCE;
				MTL_FAST_MATH = YES;
				ONLY_ACTIVE_ARCH = YES;
				SDKROOT = iphoneos;
				SWIFT_ACTIVE_COMPILATION_CONDITIONS = DEBUG;
				SWIFT_OPTIMIZATION_LEVEL = "-Onone";
			};
			name = Debug;
		};
		8F82B231288F932B00EFA554 /* Release */ = {
			isa = XCBuildConfiguration;
			buildSettings = {
				ALWAYS_SEARCH_USER_PATHS = NO;
				CLANG_ANALYZER_NONNULL = YES;
				CLANG_ANALYZER_NUMBER_OBJECT_CONVERSION = YES_AGGRESSIVE;
				CLANG_CXX_LANGUAGE_STANDARD = "gnu++17";
				CLANG_ENABLE_MODULES = YES;
				CLANG_ENABLE_OBJC_ARC = YES;
				CLANG_ENABLE_OBJC_WEAK = YES;
				CLANG_WARN_BLOCK_CAPTURE_AUTORELEASING = YES;
				CLANG_WARN_BOOL_CONVERSION = YES;
				CLANG_WARN_COMMA = YES;
				CLANG_WARN_CONSTANT_CONVERSION = YES;
				CLANG_WARN_DEPRECATED_OBJC_IMPLEMENTATIONS = YES;
				CLANG_WARN_DIRECT_OBJC_ISA_USAGE = YES_ERROR;
				CLANG_WARN_DOCUMENTATION_COMMENTS = YES;
				CLANG_WARN_EMPTY_BODY = YES;
				CLANG_WARN_ENUM_CONVERSION = YES;
				CLANG_WARN_INFINITE_RECURSION = YES;
				CLANG_WARN_INT_CONVERSION = YES;
				CLANG_WARN_NON_LITERAL_NULL_CONVERSION = YES;
				CLANG_WARN_OBJC_IMPLICIT_RETAIN_SELF = YES;
				CLANG_WARN_OBJC_LITERAL_CONVERSION = YES;
				CLANG_WARN_OBJC_ROOT_CLASS = YES_ERROR;
				CLANG_WARN_QUOTED_INCLUDE_IN_FRAMEWORK_HEADER = YES;
				CLANG_WARN_RANGE_LOOP_ANALYSIS = YES;
				CLANG_WARN_STRICT_PROTOTYPES = YES;
				CLANG_WARN_SUSPICIOUS_MOVE = YES;
				CLANG_WARN_UNGUARDED_AVAILABILITY = YES_AGGRESSIVE;
				CLANG_WARN_UNREACHABLE_CODE = YES;
				CLANG_WARN__DUPLICATE_METHOD_MATCH = YES;
				COPY_PHASE_STRIP = NO;
				DEBUG_INFORMATION_FORMAT = "dwarf-with-dsym";
				ENABLE_NS_ASSERTIONS = NO;
				ENABLE_STRICT_OBJC_MSGSEND = YES;
				GCC_C_LANGUAGE_STANDARD = gnu11;
				GCC_NO_COMMON_BLOCKS = YES;
				GCC_WARN_64_TO_32_BIT_CONVERSION = YES;
				GCC_WARN_ABOUT_RETURN_TYPE = YES_ERROR;
				GCC_WARN_UNDECLARED_SELECTOR = YES;
				GCC_WARN_UNINITIALIZED_AUTOS = YES_AGGRESSIVE;
				GCC_WARN_UNUSED_FUNCTION = YES;
				GCC_WARN_UNUSED_VARIABLE = YES;
				IPHONEOS_DEPLOYMENT_TARGET = 15.5;
				MTL_ENABLE_DEBUG_INFO = NO;
				MTL_FAST_MATH = YES;
				SDKROOT = iphoneos;
				SWIFT_COMPILATION_MODE = wholemodule;
				SWIFT_OPTIMIZATION_LEVEL = "-O";
				VALIDATE_PRODUCT = YES;
			};
			name = Release;
		};
		8F82B233288F932B00EFA554 /* Debug */ = {
			isa = XCBuildConfiguration;
			buildSettings = {
				ASSETCATALOG_COMPILER_APPICON_NAME = AppIcon;
				ASSETCATALOG_COMPILER_GLOBAL_ACCENT_COLOR_NAME = AccentColor;
				CODE_SIGN_STYLE = Automatic;
				CURRENT_PROJECT_VERSION = 1;
				DEVELOPMENT_ASSET_PATHS = "\"ChallengeDay60NetworkApp/Preview Content\"";
				DEVELOPMENT_TEAM = 8F6L8PBYP8;
				ENABLE_PREVIEWS = YES;
				GENERATE_INFOPLIST_FILE = YES;
				INFOPLIST_KEY_UIApplicationSceneManifest_Generation = YES;
				INFOPLIST_KEY_UIApplicationSupportsIndirectInputEvents = YES;
				INFOPLIST_KEY_UILaunchScreen_Generation = YES;
				INFOPLIST_KEY_UISupportedInterfaceOrientations_iPad = "UIInterfaceOrientationPortrait UIInterfaceOrientationPortraitUpsideDown UIInterfaceOrientationLandscapeLeft UIInterfaceOrientationLandscapeRight";
				INFOPLIST_KEY_UISupportedInterfaceOrientations_iPhone = "UIInterfaceOrientationPortrait UIInterfaceOrientationLandscapeLeft UIInterfaceOrientationLandscapeRight";
				LD_RUNPATH_SEARCH_PATHS = (
					"$(inherited)",
					"@executable_path/Frameworks",
				);
				MARKETING_VERSION = 1.0;
				PRODUCT_BUNDLE_IDENTIFIER = com.codingwithnoah.ChallengeDay60NetworkApp;
				PRODUCT_NAME = "$(TARGET_NAME)";
				SWIFT_EMIT_LOC_STRINGS = YES;
				SWIFT_VERSION = 5.0;
				TARGETED_DEVICE_FAMILY = "1,2";
			};
			name = Debug;
		};
		8F82B234288F932B00EFA554 /* Release */ = {
			isa = XCBuildConfiguration;
			buildSettings = {
				ASSETCATALOG_COMPILER_APPICON_NAME = AppIcon;
				ASSETCATALOG_COMPILER_GLOBAL_ACCENT_COLOR_NAME = AccentColor;
				CODE_SIGN_STYLE = Automatic;
				CURRENT_PROJECT_VERSION = 1;
				DEVELOPMENT_ASSET_PATHS = "\"ChallengeDay60NetworkApp/Preview Content\"";
				DEVELOPMENT_TEAM = 8F6L8PBYP8;
				ENABLE_PREVIEWS = YES;
				GENERATE_INFOPLIST_FILE = YES;
				INFOPLIST_KEY_UIApplicationSceneManifest_Generation = YES;
				INFOPLIST_KEY_UIApplicationSupportsIndirectInputEvents = YES;
				INFOPLIST_KEY_UILaunchScreen_Generation = YES;
				INFOPLIST_KEY_UISupportedInterfaceOrientations_iPad = "UIInterfaceOrientationPortrait UIInterfaceOrientationPortraitUpsideDown UIInterfaceOrientationLandscapeLeft UIInterfaceOrientationLandscapeRight";
				INFOPLIST_KEY_UISupportedInterfaceOrientations_iPhone = "UIInterfaceOrientationPortrait UIInterfaceOrientationLandscapeLeft UIInterfaceOrientationLandscapeRight";
				LD_RUNPATH_SEARCH_PATHS = (
					"$(inherited)",
					"@executable_path/Frameworks",
				);
				MARKETING_VERSION = 1.0;
				PRODUCT_BUNDLE_IDENTIFIER = com.codingwithnoah.ChallengeDay60NetworkApp;
				PRODUCT_NAME = "$(TARGET_NAME)";
				SWIFT_EMIT_LOC_STRINGS = YES;
				SWIFT_VERSION = 5.0;
				TARGETED_DEVICE_FAMILY = "1,2";
			};
			name = Release;
		};
/* End XCBuildConfiguration section */

/* Begin XCConfigurationList section */
		8F82B21F288F932700EFA554 /* Build configuration list for PBXProject "ChallengeDay60NetworkApp" */ = {
			isa = XCConfigurationList;
			buildConfigurations = (
				8F82B230288F932B00EFA554 /* Debug */,
				8F82B231288F932B00EFA554 /* Release */,
			);
			defaultConfigurationIsVisible = 0;
			defaultConfigurationName = Release;
		};
		8F82B232288F932B00EFA554 /* Build configuration list for PBXNativeTarget "ChallengeDay60NetworkApp" */ = {
			isa = XCConfigurationList;
			buildConfigurations = (
				8F82B233288F932B00EFA554 /* Debug */,
				8F82B234288F932B00EFA554 /* Release */,
			);
			defaultConfigurationIsVisible = 0;
			defaultConfigurationName = Release;
		};
/* End XCConfigurationList section */

/* Begin XCVersionGroup section */
		8FB9945A289214B6008EA98C /* People.xcdatamodeld */ = {
			isa = XCVersionGroup;
			children = (
				8FB9945B289214B6008EA98C /* People.xcdatamodel */,
			);
			currentVersion = 8FB9945B289214B6008EA98C /* People.xcdatamodel */;
			path = People.xcdatamodeld;
			sourceTree = "<group>";
			versionGroupType = wrapper.xcdatamodel;
		};
/* End XCVersionGroup section */
	};
	rootObject = 8F82B21C288F932700EFA554 /* Project object */;
}
